
Microsoft Visual Studio Solution File, Format Version 12.00
# Visual Studio Version 16
VisualStudioVersion = 16.0.30011.22
MinimumVisualStudioVersion = 10.0.40219.1
Project("{FAE04EC0-301F-11D3-BF4B-00C04F79EFBC}") = "Bannerlord.CustomTavernMercs", "Bannerlord.CustomTavernMercs\Bannerlord.CustomTavernMercs.csproj", "{6FD686BF-7EF4-481C-846C-8D31B6DD12B3}"
EndProject
Global
	GlobalSection(SolutionConfigurationPlatforms) = preSolution
		Debug|Any CPU = Debug|Any CPU
		Release|Any CPU = Release|Any CPU
	EndGlobalSection
	GlobalSection(ProjectConfigurationPlatforms) = postSolution
		{6FD686BF-7EF4-481C-846C-8D31B6DD12B3}.Debug|Any CPU.ActiveCfg = Debug|Any CPU
		{6FD686BF-7EF4-481C-846C-8D31B6DD12B3}.Debug|Any CPU.Build.0 = Debug|Any CPU
		{6FD686BF-7EF4-481C-846C-8D31B6DD12B3}.Release|Any CPU.ActiveCfg = Release|Any CPU
		{6FD686BF-7EF4-481C-846C-8D31B6DD12B3}.Release|Any CPU.Build.0 = Release|Any CPU
	EndGlobalSection
	GlobalSection(SolutionProperties) = preSolution
		HideSolutionNode = FALSE
	EndGlobalSection
	GlobalSection(ExtensibilityGlobals) = postSolution
		SolutionGuid = {06950756-343B-4AD7-AC38-20D7AF79ABB3}
	EndGlobalSection
EndGlobal
